
Microsoft Visual Studio Solution File, Format Version 12.00
# Visual Studio Version 17
VisualStudioVersion = 17.1.32328.378
MinimumVisualStudioVersion = 10.0.40219.1
Project("{FAE04EC0-301F-11D3-BF4B-00C04F79EFBC}") = "PacMan", "PacMan\PacMan.csproj", "{352DBA6B-07F4-420E-8AB7-8634BADD45DF}"
EndProject
Global
	GlobalSection(SolutionConfigurationPlatforms) = preSolution
		Debug|Any CPU = Debug|Any CPU
		Release|Any CPU = Release|Any CPU
	EndGlobalSection
	GlobalSection(ProjectConfigurationPlatforms) = postSolution
		{352DBA6B-07F4-420E-8AB7-8634BADD45DF}.Debug|Any CPU.ActiveCfg = Debug|Any CPU
		{352DBA6B-07F4-420E-8AB7-8634BADD45DF}.Debug|Any CPU.Build.0 = Debug|Any CPU
		{352DBA6B-07F4-420E-8AB7-8634BADD45DF}.Release|Any CPU.ActiveCfg = Release|Any CPU
		{352DBA6B-07F4-420E-8AB7-8634BADD45DF}.Release|Any CPU.Build.0 = Release|Any CPU
	EndGlobalSection
	GlobalSection(SolutionProperties) = preSolution
		HideSolutionNode = FALSE
	EndGlobalSection
	GlobalSection(ExtensibilityGlobals) = postSolution
		SolutionGuid = {6CF04CB4-7D86-4A92-AA60-0F4B574B756A}
	EndGlobalSection
EndGlobal
